
Microsoft Visual Studio Solution File, Format Version 11.00
# Visual Studio 2010
Project("{FAE04EC0-301F-11D3-BF4B-00C04F79EFBC}") = "DataAccessLayer", "DataAccessLayer\DataAccessLayer.csproj", "{4B3C2F6B-0F68-408E-891D-9EB960826965}"
EndProject
Project("{FAE04EC0-301F-11D3-BF4B-00C04F79EFBC}") = "BussinesLogicLayer", "BussinesLogicLayer\BussinesLogicLayer.csproj", "{7FE7EC09-500E-4D89-8FCB-E438AB28B45C}"
	ProjectSection(ProjectDependencies) = postProject
		{7BC33D24-2CB8-446C-81CD-D2C6EC66F205} = {7BC33D24-2CB8-446C-81CD-D2C6EC66F205}
	EndProjectSection
EndProject
Project("{FAE04EC0-301F-11D3-BF4B-00C04F79EFBC}") = "aPresentationLayer", "aPresentationLayer\aPresentationLayer.csproj", "{C09B9003-5D65-45FD-8030-28232DA99F59}"
	ProjectSection(ProjectDependencies) = postProject
		{7BC33D24-2CB8-446C-81CD-D2C6EC66F205} = {7BC33D24-2CB8-446C-81CD-D2C6EC66F205}
	EndProjectSection
EndProject
Project("{FAE04EC0-301F-11D3-BF4B-00C04F79EFBC}") = "iCommonLayer", "iCommonLayer\iCommonLayer.csproj", "{859A7C9D-CB20-4A35-BCED-6C0422D94809}"
	ProjectSection(ProjectDependencies) = postProject
		{C09B9003-5D65-45FD-8030-28232DA99F59} = {C09B9003-5D65-45FD-8030-28232DA99F59}
	EndProjectSection
EndProject
Project("{FAE04EC0-301F-11D3-BF4B-00C04F79EFBC}") = "EntidadesLayer", "EntidadesLayer\EntidadesLayer.csproj", "{7BC33D24-2CB8-446C-81CD-D2C6EC66F205}"
EndProject
Global
	GlobalSection(SubversionScc) = preSolution
		Svn-Managed = True
		Manager = AnkhSVN - Subversion Support for Visual Studio
	EndGlobalSection
	GlobalSection(SolutionConfigurationPlatforms) = preSolution
		Debug|Any CPU = Debug|Any CPU
		Release|Any CPU = Release|Any CPU
	EndGlobalSection
	GlobalSection(ProjectConfigurationPlatforms) = postSolution
		{4B3C2F6B-0F68-408E-891D-9EB960826965}.Debug|Any CPU.ActiveCfg = Debug|Any CPU
		{4B3C2F6B-0F68-408E-891D-9EB960826965}.Debug|Any CPU.Build.0 = Debug|Any CPU
		{4B3C2F6B-0F68-408E-891D-9EB960826965}.Release|Any CPU.ActiveCfg = Release|Any CPU
		{4B3C2F6B-0F68-408E-891D-9EB960826965}.Release|Any CPU.Build.0 = Release|Any CPU
		{7FE7EC09-500E-4D89-8FCB-E438AB28B45C}.Debug|Any CPU.ActiveCfg = Debug|Any CPU
		{7FE7EC09-500E-4D89-8FCB-E438AB28B45C}.Debug|Any CPU.Build.0 = Debug|Any CPU
		{7FE7EC09-500E-4D89-8FCB-E438AB28B45C}.Release|Any CPU.ActiveCfg = Release|Any CPU
		{7FE7EC09-500E-4D89-8FCB-E438AB28B45C}.Release|Any CPU.Build.0 = Release|Any CPU
		{C09B9003-5D65-45FD-8030-28232DA99F59}.Debug|Any CPU.ActiveCfg = Debug|Any CPU
		{C09B9003-5D65-45FD-8030-28232DA99F59}.Debug|Any CPU.Build.0 = Debug|Any CPU
		{C09B9003-5D65-45FD-8030-28232DA99F59}.Release|Any CPU.ActiveCfg = Release|Any CPU
		{C09B9003-5D65-45FD-8030-28232DA99F59}.Release|Any CPU.Build.0 = Release|Any CPU
		{859A7C9D-CB20-4A35-BCED-6C0422D94809}.Debug|Any CPU.ActiveCfg = Debug|Any CPU
		{859A7C9D-CB20-4A35-BCED-6C0422D94809}.Debug|Any CPU.Build.0 = Debug|Any CPU
		{859A7C9D-CB20-4A35-BCED-6C0422D94809}.Release|Any CPU.ActiveCfg = Release|Any CPU
		{859A7C9D-CB20-4A35-BCED-6C0422D94809}.Release|Any CPU.Build.0 = Release|Any CPU
		{7BC33D24-2CB8-446C-81CD-D2C6EC66F205}.Debug|Any CPU.ActiveCfg = Debug|Any CPU
		{7BC33D24-2CB8-446C-81CD-D2C6EC66F205}.Debug|Any CPU.Build.0 = Debug|Any CPU
		{7BC33D24-2CB8-446C-81CD-D2C6EC66F205}.Release|Any CPU.ActiveCfg = Release|Any CPU
		{7BC33D24-2CB8-446C-81CD-D2C6EC66F205}.Release|Any CPU.Build.0 = Release|Any CPU
	EndGlobalSection
	GlobalSection(SolutionProperties) = preSolution
		HideSolutionNode = FALSE
	EndGlobalSection
EndGlobal
